
Microsoft Visual Studio Solution File, Format Version 12.00
# Visual Studio Version 17
VisualStudioVersion = 17.5.33530.505
MinimumVisualStudioVersion = 10.0.40219.1
Project("{FAE04EC0-301F-11D3-BF4B-00C04F79EFBC}") = "estacionamento", "estacionamento\estacionamento.csproj", "{CE9AA89F-C83F-446A-B00E-23A279EAF9EC}"
EndProject
Global
	GlobalSection(SolutionConfigurationPlatforms) = preSolution
		Debug|Any CPU = Debug|Any CPU
		Release|Any CPU = Release|Any CPU
	EndGlobalSection
	GlobalSection(ProjectConfigurationPlatforms) = postSolution
		{CE9AA89F-C83F-446A-B00E-23A279EAF9EC}.Debug|Any CPU.ActiveCfg = Debug|Any CPU
		{CE9AA89F-C83F-446A-B00E-23A279EAF9EC}.Debug|Any CPU.Build.0 = Debug|Any CPU
		{CE9AA89F-C83F-446A-B00E-23A279EAF9EC}.Release|Any CPU.ActiveCfg = Release|Any CPU
		{CE9AA89F-C83F-446A-B00E-23A279EAF9EC}.Release|Any CPU.Build.0 = Release|Any CPU
	EndGlobalSection
	GlobalSection(SolutionProperties) = preSolution
		HideSolutionNode = FALSE
	EndGlobalSection
	GlobalSection(ExtensibilityGlobals) = postSolution
		SolutionGuid = {A4EB7F1C-EDD8-4487-8643-9C8982805BFC}
	EndGlobalSection
EndGlobal
